// !$*UTF8*$!
{
	archiveVersion = 1;
	classes = {
	};
	objectVersion = 46;
	objects = {

/* Begin PBXBuildFile section */
		B57800511D36D0C9000505AC /* AppDelegate.swift in Sources */ = {isa = PBXBuildFile; fileRef = B57800501D36D0C9000505AC /* AppDelegate.swift */; };
		B57800531D36D0C9000505AC /* ViewController.swift in Sources */ = {isa = PBXBuildFile; fileRef = B57800521D36D0C9000505AC /* ViewController.swift */; };
		B57800561D36D0C9000505AC /* Main.storyboard in Resources */ = {isa = PBXBuildFile; fileRef = B57800541D36D0C9000505AC /* Main.storyboard */; };
		B57800581D36D0C9000505AC /* Assets.xcassets in Resources */ = {isa = PBXBuildFile; fileRef = B57800571D36D0C9000505AC /* Assets.xcassets */; };
		B578005B1D36D0C9000505AC /* LaunchScreen.storyboard in Resources */ = {isa = PBXBuildFile; fileRef = B57800591D36D0C9000505AC /* LaunchScreen.storyboard */; };
		B57800631D36D142000505AC /* FSJGalleryController.swift in Sources */ = {isa = PBXBuildFile; fileRef = B57800621D36D142000505AC /* FSJGalleryController.swift */; };
		B57800651D36D22E000505AC /* FSJPreviewCell.swift in Sources */ = {isa = PBXBuildFile; fileRef = B57800641D36D22E000505AC /* FSJPreviewCell.swift */; };
/* End PBXBuildFile section */

/* Begin PBXFileReference section */
		B578004D1D36D0C9000505AC /* ImageGallery.app */ = {isa = PBXFileReference; explicitFileType = wrapper.application; includeInIndex = 0; path = ImageGallery.app; sourceTree = BUILT_PRODUCTS_DIR; };
		B57800501D36D0C9000505AC /* AppDelegate.swift */ = {isa = PBXFileReference; lastKnownFileType = sourcecode.swift; path = AppDelegate.swift; sourceTree = "<group>"; };
		B57800521D36D0C9000505AC /* ViewController.swift */ = {isa = PBXFileReference; lastKnownFileType = sourcecode.swift; path = ViewController.swift; sourceTree = "<group>"; };
		B57800551D36D0C9000505AC /* Base */ = {isa = PBXFileReference; lastKnownFileType = file.storyboard; name = Base; path = Base.lproj/Main.storyboard; sourceTree = "<group>"; };
		B57800571D36D0C9000505AC /* Assets.xcassets */ = {isa = PBXFileReference; lastKnownFileType = folder.assetcatalog; path = Assets.xcassets; sourceTree = "<group>"; };
		B578005A1D36D0C9000505AC /* Base */ = {isa = PBXFileReference; lastKnownFileType = file.storyboard; name = Base; path = Base.lproj/LaunchScreen.storyboard; sourceTree = "<group>"; };
		B578005C1D36D0C9000505AC /* Info.plist */ = {isa = PBXFileReference; lastKnownFileType = text.plist.xml; path = Info.plist; sourceTree = "<group>"; };
		B57800621D36D142000505AC /* FSJGalleryController.swift */ = {isa = PBXFileReference; fileEncoding = 4; lastKnownFileType = sourcecode.swift; path = FSJGalleryController.swift; sourceTree = "<group>"; };
		B57800641D36D22E000505AC /* FSJPreviewCell.swift */ = {isa = PBXFileReference; fileEncoding = 4; lastKnownFileType = sourcecode.swift; path = FSJPreviewCell.swift; sourceTree = "<group>"; };
/* End PBXFileReference section */

/* Begin PBXFrameworksBuildPhase section */
		B578004A1D36D0C9000505AC /* Frameworks */ = {
			isa = PBXFrameworksBuildPhase;
			buildActionMask = 2147483647;
			files = (
			);
			runOnlyForDeploymentPostprocessing = 0;
		};
/* End PBXFrameworksBuildPhase section */

/* Begin PBXGroup section */
		B57800441D36D0C9000505AC = {
			isa = PBXGroup;
			children = (
				B57800641D36D22E000505AC /* FSJPreviewCell.swift */,
				B57800621D36D142000505AC /* FSJGalleryController.swift */,
				B578004F1D36D0C9000505AC /* ImageGallery */,
				B578004E1D36D0C9000505AC /* Products */,
			);
			sourceTree = "<group>";
		};
		B578004E1D36D0C9000505AC /* Products */ = {
			isa = PBXGroup;
			children = (
				B578004D1D36D0C9000505AC /* ImageGallery.app */,
			);
			name = Products;
			sourceTree = "<group>";
		};
		B578004F1D36D0C9000505AC /* ImageGallery */ = {
			isa = PBXGroup;
			children = (
				B57800501D36D0C9000505AC /* AppDelegate.swift */,
				B57800521D36D0C9000505AC /* ViewController.swift */,
				B57800541D36D0C9000505AC /* Main.storyboard */,
				B57800571D36D0C9000505AC /* Assets.xcassets */,
				B57800591D36D0C9000505AC /* LaunchScreen.storyboard */,
				B578005C1D36D0C9000505AC /* Info.plist */,
			);
			path = ImageGallery;
			sourceTree = "<group>";
		};
/* End PBXGroup section */

/* Begin PBXNativeTarget section */
		B578004C1D36D0C9000505AC /* ImageGallery */ = {
			isa = PBXNativeTarget;
			buildConfigurationList = B578005F1D36D0C9000505AC /* Build configuration list for PBXNativeTarget "ImageGallery" */;
			buildPhases = (
				B57800491D36D0C9000505AC /* Sources */,
				B578004A1D36D0C9000505AC /* Frameworks */,
				B578004B1D36D0C9000505AC /* Resources */,
			);
			buildRules = (
			);
			dependencies = (
			);
			name = ImageGallery;
			productName = ImageGallery;
			productReference = B578004D1D36D0C9000505AC /* ImageGallery.app */;
			productType = "com.apple.product-type.application";
		};
/* End PBXNativeTarget section */

/* Begin PBXProject section */
		B57800451D36D0C9000505AC /* Project object */ = {
			isa = PBXProject;
			attributes = {
				LastSwiftUpdateCheck = 0730;
				LastUpgradeCheck = 0730;
				ORGANIZATIONNAME = "Felipe Saint-jean";
				TargetAttributes = {
					B578004C1D36D0C9000505AC = {
						CreatedOnToolsVersion = 7.3.1;
					};
				};
			};
			buildConfigurationList = B57800481D36D0C9000505AC /* Build configuration list for PBXProject "ImageGallery" */;
			compatibilityVersion = "Xcode 3.2";
			developmentRegion = English;
			hasScannedForEncodings = 0;
			knownRegions = (
				en,
				Base,
			);
			mainGroup = B57800441D36D0C9000505AC;
			productRefGroup = B578004E1D36D0C9000505AC /* Products */;
			projectDirPath = "";
			projectRoot = "";
			targets = (
				B578004C1D36D0C9000505AC /* ImageGallery */,
			);
		};
/* End PBXProject section */

/* Begin PBXResourcesBuildPhase section */
		B578004B1D36D0C9000505AC /* Resources */ = {
			isa = PBXResourcesBuildPhase;
			buildActionMask = 2147483647;
			files = (
				B578005B1D36D0C9000505AC /* LaunchScreen.storyboard in Resources */,
				B57800581D36D0C9000505AC /* Assets.xcassets in Resources */,
				B57800561D36D0C9000505AC /* Main.storyboard in Resources */,
			);
			runOnlyForDeploymentPostprocessing = 0;
		};
/* End PBXResourcesBuildPhase section */

/* Begin PBXSourcesBuildPhase section */
		B57800491D36D0C9000505AC /* Sources */ = {
			isa = PBXSourcesBuildPhase;
			buildActionMask = 2147483647;
			files = (
				B57800651D36D22E000505AC /* FSJPreviewCell.swift in Sources */,
				B57800631D36D142000505AC /* FSJGalleryController.swift in Sources */,
				B57800531D36D0C9000505AC /* ViewController.swift in Sources */,
				B57800511D36D0C9000505AC /* AppDelegate.swift in Sources */,
			);
			runOnlyForDeploymentPostprocessing = 0;
		};
/* End PBXSourcesBuildPhase section */

/* Begin PBXVariantGroup section */
		B57800541D36D0C9000505AC /* Main.storyboard */ = {
			isa = PBXVariantGroup;
			children = (
				B57800551D36D0C9000505AC /* Base */,
			);
			name = Main.storyboard;
			sourceTree = "<group>";
		};
		B57800591D36D0C9000505AC /* LaunchScreen.storyboard */ = {
			isa = PBXVariantGroup;
			children = (
				B578005A1D36D0C9000505AC /* Base */,
			);
			name = LaunchScreen.storyboard;
			sourceTree = "<group>";
		};
/* End PBXVariantGroup section */

/* Begin XCBuildConfiguration section */
		B578005D1D36D0C9000505AC /* Debug */ = {
			isa = XCBuildConfiguration;
			buildSettings = {
				ALWAYS_SEARCH_USER_PATHS = NO;
				CLANG_ANALYZER_NONNULL = YES;
				CLANG_CXX_LANGUAGE_STANDARD = "gnu++0x";
				CLANG_CXX_LIBRARY = "libc++";
				CLANG_ENABLE_MODULES = YES;
				CLANG_ENABLE_OBJC_ARC = YES;
				CLANG_WARN_BOOL_CONVERSION = YES;
				CLANG_WARN_CONSTANT_CONVERSION = YES;
				CLANG_WARN_DIRECT_OBJC_ISA_USAGE = YES_ERROR;
				CLANG_WARN_EMPTY_BODY = YES;
				CLANG_WARN_ENUM_CONVERSION = YES;
				CLANG_WARN_INT_CONVERSION = YES;
				CLANG_WARN_OBJC_ROOT_CLASS = YES_ERROR;
				CLANG_WARN_UNREACHABLE_CODE = YES;
				CLANG_WARN__DUPLICATE_METHOD_MATCH = YES;
				"CODE_SIGN_IDENTITY[sdk=iphoneos*]" = "iPhone Developer";
				COPY_PHASE_STRIP = NO;
				DEBUG_INFORMATION_FORMAT = dwarf;
				ENABLE_STRICT_OBJC_MSGSEND = YES;
				ENABLE_TESTABILITY = YES;
				GCC_C_LANGUAGE_STANDARD = gnu99;
				GCC_DYNAMIC_NO_PIC = NO;
				GCC_NO_COMMON_BLOCKS = YES;
				GCC_OPTIMIZATION_LEVEL = 0;
				GCC_PREPROCESSOR_DEFINITIONS = (
					"DEBUG=1",
					"$(inherited)",
				);
				GCC_WARN_64_TO_32_BIT_CONVERSION = YES;
				GCC_WARN_ABOUT_RETURN_TYPE = YES_ERROR;
				GCC_WARN_UNDECLARED_SELECTOR = YES;
				GCC_WARN_UNINITIALIZED_AUTOS = YES_AGGRESSIVE;
				GCC_WARN_UNUSED_FUNCTION = YES;
				GCC_WARN_UNUSED_VARIABLE = YES;
				IPHONEOS_DEPLOYMENT_TARGET = 9.3;
				MTL_ENABLE_DEBUG_INFO = YES;
				ONLY_ACTIVE_ARCH = YES;
				SDKROOT = iphoneos;
				SWIFT_OPTIMIZATION_LEVEL = "-Onone";
				TARGETED_DEVICE_FAMILY = "1,2";
			};
			name = Debug;
		};
		B578005E1D36D0C9000505AC /* Release */ = {
			isa = XCBuildConfiguration;
			buildSettings = {
				ALWAYS_SEARCH_USER_PATHS = NO;
				CLANG_ANALYZER_NONNULL = YES;
				CLANG_CXX_LANGUAGE_STANDARD = "gnu++0x";
				CLANG_CXX_LIBRARY = "libc++";
				CLANG_ENABLE_MODULES = YES;
				CLANG_ENABLE_OBJC_ARC = YES;
				CLANG_WARN_BOOL_CONVERSION = YES;
				CLANG_WARN_CONSTANT_CONVERSION = YES;
				CLANG_WARN_DIRECT_OBJC_ISA_USAGE = YES_ERROR;
				CLANG_WARN_EMPTY_BODY = YES;
				CLANG_WARN_ENUM_CONVERSION = YES;
				CLANG_WARN_INT_CONVERSION = YES;
				CLANG_WARN_OBJC_ROOT_CLASS = YES_ERROR;
				CLANG_WARN_UNREACHABLE_CODE = YES;
				CLANG_WARN__DUPLICATE_METHOD_MATCH = YES;
				"CODE_SIGN_IDENTITY[sdk=iphoneos*]" = "iPhone Developer";
				COPY_PHASE_STRIP = NO;
				DEBUG_INFORMATION_FORMAT = "dwarf-with-dsym";
				ENABLE_NS_ASSERTIONS = NO;
				ENABLE_STRICT_OBJC_MSGSEND = YES;
				GCC_C_LANGUAGE_STANDARD = gnu99;
				GCC_NO_COMMON_BLOCKS = YES;
				GCC_WARN_64_TO_32_BIT_CONVERSION = YES;
				GCC_WARN_ABOUT_RETURN_TYPE = YES_ERROR;
				GCC_WARN_UNDECLARED_SELECTOR = YES;
				GCC_WARN_UNINITIALIZED_AUTOS = YES_AGGRESSIVE;
				GCC_WARN_UNUSED_FUNCTION = YES;
				GCC_WARN_UNUSED_VARIABLE = YES;
				IPHONEOS_DEPLOYMENT_TARGET = 9.3;
				MTL_ENABLE_DEBUG_INFO = NO;
				SDKROOT = iphoneos;
				TARGETED_DEVICE_FAMILY = "1,2";
				VALIDATE_PRODUCT = YES;
			};
			name = Release;
		};
		B57800601D36D0C9000505AC /* Debug */ = {
			isa = XCBuildConfiguration;
			buildSettings = {
				ASSETCATALOG_COMPILER_APPICON_NAME = AppIcon;
				INFOPLIST_FILE = ImageGallery/Info.plist;
				LD_RUNPATH_SEARCH_PATHS = "$(inherited) @executable_path/Frameworks";
				PRODUCT_BUNDLE_IDENTIFIER = com.bcontext.ImageGallery;
				PRODUCT_NAME = "$(TARGET_NAME)";
			};
			name = Debug;
		};
		B57800611D36D0C9000505AC /* Release */ = {
			isa = XCBuildConfiguration;
			buildSettings = {
				ASSETCATALOG_COMPILER_APPICON_NAME = AppIcon;
				INFOPLIST_FILE = ImageGallery/Info.plist;
				LD_RUNPATH_SEARCH_PATHS = "$(inherited) @executable_path/Frameworks";
				PRODUCT_BUNDLE_IDENTIFIER = com.bcontext.ImageGallery;
				PRODUCT_NAME = "$(TARGET_NAME)";
			};
			name = Release;
		};
/* End XCBuildConfiguration section */

/* Begin XCConfigurationList section */
		B57800481D36D0C9000505AC /* Build configuration list for PBXProject "ImageGallery" */ = {
			isa = XCConfigurationList;
			buildConfigurations = (
				B578005D1D36D0C9000505AC /* Debug */,
				B578005E1D36D0C9000505AC /* Release */,
			);
			defaultConfigurationIsVisible = 0;
			defaultConfigurationName = Release;
		};
		B578005F1D36D0C9000505AC /* Build configuration list for PBXNativeTarget "ImageGallery" */ = {
			isa = XCConfigurationList;
			buildConfigurations = (
				B57800601D36D0C9000505AC /* Debug */,
				B57800611D36D0C9000505AC /* Release */,
			);
			defaultConfigurationIsVisible = 0;
		};
/* End XCConfigurationList section */
	};
	rootObject = B57800451D36D0C9000505AC /* Project object */;
}
